// !$*UTF8*$!
{
	archiveVersion = 1;
	classes = {
	};
	objectVersion = 56;
	objects = {

/* Begin PBXBuildFile section */
		021521002C53852A00E06A8C /* StreamShareApp.swift in Sources */ = {isa = PBXBuildFile; fileRef = 021520FF2C53852A00E06A8C /* StreamShareApp.swift */; };
		021521022C53852A00E06A8C /* ContentView.swift in Sources */ = {isa = PBXBuildFile; fileRef = 021521012C53852A00E06A8C /* ContentView.swift */; };
		021521042C53852C00E06A8C /* Assets.xcassets in Resources */ = {isa = PBXBuildFile; fileRef = 021521032C53852C00E06A8C /* Assets.xcassets */; };
		021521072C53852C00E06A8C /* Preview Assets.xcassets in Resources */ = {isa = PBXBuildFile; fileRef = 021521062C53852C00E06A8C /* Preview Assets.xcassets */; };
		021521112C53852C00E06A8C /* StreamShareTests.swift in Sources */ = {isa = PBXBuildFile; fileRef = 021521102C53852C00E06A8C /* StreamShareTests.swift */; };
		0215211B2C53852C00E06A8C /* StreamShareUITests.swift in Sources */ = {isa = PBXBuildFile; fileRef = 0215211A2C53852C00E06A8C /* StreamShareUITests.swift */; };
		0215211D2C53852C00E06A8C /* StreamShareUITestsLaunchTests.swift in Sources */ = {isa = PBXBuildFile; fileRef = 0215211C2C53852C00E06A8C /* StreamShareUITestsLaunchTests.swift */; };
/* End PBXBuildFile section */

/* Begin PBXContainerItemProxy section */
		0215210D2C53852C00E06A8C /* PBXContainerItemProxy */ = {
			isa = PBXContainerItemProxy;
			containerPortal = 021520F42C53852A00E06A8C /* Project object */;
			proxyType = 1;
			remoteGlobalIDString = 021520FB2C53852A00E06A8C;
			remoteInfo = StreamShare;
		};
		021521172C53852C00E06A8C /* PBXContainerItemProxy */ = {
			isa = PBXContainerItemProxy;
			containerPortal = 021520F42C53852A00E06A8C /* Project object */;
			proxyType = 1;
			remoteGlobalIDString = 021520FB2C53852A00E06A8C;
			remoteInfo = StreamShare;
		};
/* End PBXContainerItemProxy section */

/* Begin PBXFileReference section */
		021520FC2C53852A00E06A8C /* StreamShare.app */ = {isa = PBXFileReference; explicitFileType = wrapper.application; includeInIndex = 0; path = StreamShare.app; sourceTree = BUILT_PRODUCTS_DIR; };
		021520FF2C53852A00E06A8C /* StreamShareApp.swift */ = {isa = PBXFileReference; lastKnownFileType = sourcecode.swift; path = StreamShareApp.swift; sourceTree = "<group>"; };
		021521012C53852A00E06A8C /* ContentView.swift */ = {isa = PBXFileReference; lastKnownFileType = sourcecode.swift; path = ContentView.swift; sourceTree = "<group>"; };
		021521032C53852C00E06A8C /* Assets.xcassets */ = {isa = PBXFileReference; lastKnownFileType = folder.assetcatalog; path = Assets.xcassets; sourceTree = "<group>"; };
		021521062C53852C00E06A8C /* Preview Assets.xcassets */ = {isa = PBXFileReference; lastKnownFileType = folder.assetcatalog; path = "Preview Assets.xcassets"; sourceTree = "<group>"; };
		0215210C2C53852C00E06A8C /* StreamShareTests.xctest */ = {isa = PBXFileReference; explicitFileType = wrapper.cfbundle; includeInIndex = 0; path = StreamShareTests.xctest; sourceTree = BUILT_PRODUCTS_DIR; };
		021521102C53852C00E06A8C /* StreamShareTests.swift */ = {isa = PBXFileReference; lastKnownFileType = sourcecode.swift; path = StreamShareTests.swift; sourceTree = "<group>"; };
		021521162C53852C00E06A8C /* StreamShareUITests.xctest */ = {isa = PBXFileReference; explicitFileType = wrapper.cfbundle; includeInIndex = 0; path = StreamShareUITests.xctest; sourceTree = BUILT_PRODUCTS_DIR; };
		0215211A2C53852C00E06A8C /* StreamShareUITests.swift */ = {isa = PBXFileReference; lastKnownFileType = sourcecode.swift; path = StreamShareUITests.swift; sourceTree = "<group>"; };
		0215211C2C53852C00E06A8C /* StreamShareUITestsLaunchTests.swift */ = {isa = PBXFileReference; lastKnownFileType = sourcecode.swift; path = StreamShareUITestsLaunchTests.swift; sourceTree = "<group>"; };
/* End PBXFileReference section */

/* Begin PBXFrameworksBuildPhase section */
		021520F92C53852A00E06A8C /* Frameworks */ = {
			isa = PBXFrameworksBuildPhase;
			buildActionMask = 2147483647;
			files = (
			);
			runOnlyForDeploymentPostprocessing = 0;
		};
		021521092C53852C00E06A8C /* Frameworks */ = {
			isa = PBXFrameworksBuildPhase;
			buildActionMask = 2147483647;
			files = (
			);
			runOnlyForDeploymentPostprocessing = 0;
		};
		021521132C53852C00E06A8C /* Frameworks */ = {
			isa = PBXFrameworksBuildPhase;
			buildActionMask = 2147483647;
			files = (
			);
			runOnlyForDeploymentPostprocessing = 0;
		};
/* End PBXFrameworksBuildPhase section */

/* Begin PBXGroup section */
		021520F32C53852A00E06A8C = {
			isa = PBXGroup;
			children = (
				021520FE2C53852A00E06A8C /* StreamShare */,
				0215210F2C53852C00E06A8C /* StreamShareTests */,
				021521192C53852C00E06A8C /* StreamShareUITests */,
				021520FD2C53852A00E06A8C /* Products */,
			);
			sourceTree = "<group>";
		};
		021520FD2C53852A00E06A8C /* Products */ = {
			isa = PBXGroup;
			children = (
				021520FC2C53852A00E06A8C /* StreamShare.app */,
				0215210C2C53852C00E06A8C /* StreamShareTests.xctest */,
				021521162C53852C00E06A8C /* StreamShareUITests.xctest */,
			);
			name = Products;
			sourceTree = "<group>";
		};
		021520FE2C53852A00E06A8C /* StreamShare */ = {
			isa = PBXGroup;
			children = (
				021520FF2C53852A00E06A8C /* StreamShareApp.swift */,
				021521012C53852A00E06A8C /* ContentView.swift */,
				021521032C53852C00E06A8C /* Assets.xcassets */,
				021521052C53852C00E06A8C /* Preview Content */,
			);
			path = StreamShare;
			sourceTree = "<group>";
		};
		021521052C53852C00E06A8C /* Preview Content */ = {
			isa = PBXGroup;
			children = (
				021521062C53852C00E06A8C /* Preview Assets.xcassets */,
			);
			path = "Preview Content";
			sourceTree = "<group>";
		};
		0215210F2C53852C00E06A8C /* StreamShareTests */ = {
			isa = PBXGroup;
			children = (
				021521102C53852C00E06A8C /* StreamShareTests.swift */,
			);
			path = StreamShareTests;
			sourceTree = "<group>";
		};
		021521192C53852C00E06A8C /* StreamShareUITests */ = {
			isa = PBXGroup;
			children = (
				0215211A2C53852C00E06A8C /* StreamShareUITests.swift */,
				0215211C2C53852C00E06A8C /* StreamShareUITestsLaunchTests.swift */,
			);
			path = StreamShareUITests;
			sourceTree = "<group>";
		};
/* End PBXGroup section */

/* Begin PBXNativeTarget section */
		021520FB2C53852A00E06A8C /* StreamShare */ = {
			isa = PBXNativeTarget;
			buildConfigurationList = 021521202C53852C00E06A8C /* Build configuration list for PBXNativeTarget "StreamShare" */;
			buildPhases = (
				021520F82C53852A00E06A8C /* Sources */,
				021520F92C53852A00E06A8C /* Frameworks */,
				021520FA2C53852A00E06A8C /* Resources */,
			);
			buildRules = (
			);
			dependencies = (
			);
			name = StreamShare;
			productName = StreamShare;
			productReference = 021520FC2C53852A00E06A8C /* StreamShare.app */;
			productType = "com.apple.product-type.application";
		};
		0215210B2C53852C00E06A8C /* StreamShareTests */ = {
			isa = PBXNativeTarget;
			buildConfigurationList = 021521232C53852C00E06A8C /* Build configuration list for PBXNativeTarget "StreamShareTests" */;
			buildPhases = (
				021521082C53852C00E06A8C /* Sources */,
				021521092C53852C00E06A8C /* Frameworks */,
				0215210A2C53852C00E06A8C /* Resources */,
			);
			buildRules = (
			);
			dependencies = (
				0215210E2C53852C00E06A8C /* PBXTargetDependency */,
			);
			name = StreamShareTests;
			productName = StreamShareTests;
			productReference = 0215210C2C53852C00E06A8C /* StreamShareTests.xctest */;
			productType = "com.apple.product-type.bundle.unit-test";
		};
		021521152C53852C00E06A8C /* StreamShareUITests */ = {
			isa = PBXNativeTarget;
			buildConfigurationList = 021521262C53852C00E06A8C /* Build configuration list for PBXNativeTarget "StreamShareUITests" */;
			buildPhases = (
				021521122C53852C00E06A8C /* Sources */,
				021521132C53852C00E06A8C /* Frameworks */,
				021521142C53852C00E06A8C /* Resources */,
			);
			buildRules = (
			);
			dependencies = (
				021521182C53852C00E06A8C /* PBXTargetDependency */,
			);
			name = StreamShareUITests;
			productName = StreamShareUITests;
			productReference = 021521162C53852C00E06A8C /* StreamShareUITests.xctest */;
			productType = "com.apple.product-type.bundle.ui-testing";
		};
/* End PBXNativeTarget section */

/* Begin PBXProject section */
		021520F42C53852A00E06A8C /* Project object */ = {
			isa = PBXProject;
			attributes = {
				BuildIndependentTargetsInParallel = 1;
				LastSwiftUpdateCheck = 1520;
				LastUpgradeCheck = 1520;
				TargetAttributes = {
					021520FB2C53852A00E06A8C = {
						CreatedOnToolsVersion = 15.2;
					};
					0215210B2C53852C00E06A8C = {
						CreatedOnToolsVersion = 15.2;
						TestTargetID = 021520FB2C53852A00E06A8C;
					};
					021521152C53852C00E06A8C = {
						CreatedOnToolsVersion = 15.2;
						TestTargetID = 021520FB2C53852A00E06A8C;
					};
				};
			};
			buildConfigurationList = 021520F72C53852A00E06A8C /* Build configuration list for PBXProject "StreamShare" */;
			compatibilityVersion = "Xcode 14.0";
			developmentRegion = en;
			hasScannedForEncodings = 0;
			knownRegions = (
				en,
				Base,
			);
			mainGroup = 021520F32C53852A00E06A8C;
			productRefGroup = 021520FD2C53852A00E06A8C /* Products */;
			projectDirPath = "";
			projectRoot = "";
			targets = (
				021520FB2C53852A00E06A8C /* StreamShare */,
				0215210B2C53852C00E06A8C /* StreamShareTests */,
				021521152C53852C00E06A8C /* StreamShareUITests */,
			);
		};
/* End PBXProject section */

/* Begin PBXResourcesBuildPhase section */
		021520FA2C53852A00E06A8C /* Resources */ = {
			isa = PBXResourcesBuildPhase;
			buildActionMask = 2147483647;
			files = (
				021521072C53852C00E06A8C /* Preview Assets.xcassets in Resources */,
				021521042C53852C00E06A8C /* Assets.xcassets in Resources */,
			);
			runOnlyForDeploymentPostprocessing = 0;
		};
		0215210A2C53852C00E06A8C /* Resources */ = {
			isa = PBXResourcesBuildPhase;
			buildActionMask = 2147483647;
			files = (
			);
			runOnlyForDeploymentPostprocessing = 0;
		};
		021521142C53852C00E06A8C /* Resources */ = {
			isa = PBXResourcesBuildPhase;
			buildActionMask = 2147483647;
			files = (
			);
			runOnlyForDeploymentPostprocessing = 0;
		};
/* End PBXResourcesBuildPhase section */

/* Begin PBXSourcesBuildPhase section */
		021520F82C53852A00E06A8C /* Sources */ = {
			isa = PBXSourcesBuildPhase;
			buildActionMask = 2147483647;
			files = (
				021521022C53852A00E06A8C /* ContentView.swift in Sources */,
				021521002C53852A00E06A8C /* StreamShareApp.swift in Sources */,
			);
			runOnlyForDeploymentPostprocessing = 0;
		};
		021521082C53852C00E06A8C /* Sources */ = {
			isa = PBXSourcesBuildPhase;
			buildActionMask = 2147483647;
			files = (
				021521112C53852C00E06A8C /* StreamShareTests.swift in Sources */,
			);
			runOnlyForDeploymentPostprocessing = 0;
		};
		021521122C53852C00E06A8C /* Sources */ = {
			isa = PBXSourcesBuildPhase;
			buildActionMask = 2147483647;
			files = (
				0215211D2C53852C00E06A8C /* StreamShareUITestsLaunchTests.swift in Sources */,
				0215211B2C53852C00E06A8C /* StreamShareUITests.swift in Sources */,
			);
			runOnlyForDeploymentPostprocessing = 0;
		};
/* End PBXSourcesBuildPhase section */

/* Begin PBXTargetDependency section */
		0215210E2C53852C00E06A8C /* PBXTargetDependency */ = {
			isa = PBXTargetDependency;
			target = 021520FB2C53852A00E06A8C /* StreamShare */;
			targetProxy = 0215210D2C53852C00E06A8C /* PBXContainerItemProxy */;
		};
		021521182C53852C00E06A8C /* PBXTargetDependency */ = {
			isa = PBXTargetDependency;
			target = 021520FB2C53852A00E06A8C /* StreamShare */;
			targetProxy = 021521172C53852C00E06A8C /* PBXContainerItemProxy */;
		};
/* End PBXTargetDependency section */

/* Begin XCBuildConfiguration section */
		0215211E2C53852C00E06A8C /* Debug */ = {
			isa = XCBuildConfiguration;
			buildSettings = {
				ALWAYS_SEARCH_USER_PATHS = NO;
				ASSETCATALOG_COMPILER_GENERATE_SWIFT_ASSET_SYMBOL_EXTENSIONS = YES;
				CLANG_ANALYZER_NONNULL = YES;
				CLANG_ANALYZER_NUMBER_OBJECT_CONVERSION = YES_AGGRESSIVE;
				CLANG_CXX_LANGUAGE_STANDARD = "gnu++20";
				CLANG_ENABLE_MODULES = YES;
				CLANG_ENABLE_OBJC_ARC = YES;
				CLANG_ENABLE_OBJC_WEAK = YES;
				CLANG_WARN_BLOCK_CAPTURE_AUTORELEASING = YES;
				CLANG_WARN_BOOL_CONVERSION = YES;
				CLANG_WARN_COMMA = YES;
				CLANG_WARN_CONSTANT_CONVERSION = YES;
				CLANG_WARN_DEPRECATED_OBJC_IMPLEMENTATIONS = YES;
				CLANG_WARN_DIRECT_OBJC_ISA_USAGE = YES_ERROR;
				CLANG_WARN_DOCUMENTATION_COMMENTS = YES;
				CLANG_WARN_EMPTY_BODY = YES;
				CLANG_WARN_ENUM_CONVERSION = YES;
				CLANG_WARN_INFINITE_RECURSION = YES;
				CLANG_WARN_INT_CONVERSION = YES;
				CLANG_WARN_NON_LITERAL_NULL_CONVERSION = YES;
				CLANG_WARN_OBJC_IMPLICIT_RETAIN_SELF = YES;
				CLANG_WARN_OBJC_LITERAL_CONVERSION = YES;
				CLANG_WARN_OBJC_ROOT_CLASS = YES_ERROR;
				CLANG_WARN_QUOTED_INCLUDE_IN_FRAMEWORK_HEADER = YES;
				CLANG_WARN_RANGE_LOOP_ANALYSIS = YES;
				CLANG_WARN_STRICT_PROTOTYPES = YES;
				CLANG_WARN_SUSPICIOUS_MOVE = YES;
				CLANG_WARN_UNGUARDED_AVAILABILITY = YES_AGGRESSIVE;
				CLANG_WARN_UNREACHABLE_CODE = YES;
				CLANG_WARN__DUPLICATE_METHOD_MATCH = YES;
				COPY_PHASE_STRIP = NO;
				DEBUG_INFORMATION_FORMAT = dwarf;
				ENABLE_STRICT_OBJC_MSGSEND = YES;
				ENABLE_TESTABILITY = YES;
				ENABLE_USER_SCRIPT_SANDBOXING = YES;
				GCC_C_LANGUAGE_STANDARD = gnu17;
				GCC_DYNAMIC_NO_PIC = NO;
				GCC_NO_COMMON_BLOCKS = YES;
				GCC_OPTIMIZATION_LEVEL = 0;
				GCC_PREPROCESSOR_DEFINITIONS = (
					"DEBUG=1",
					"$(inherited)",
				);
				GCC_WARN_64_TO_32_BIT_CONVERSION = YES;
				GCC_WARN_ABOUT_RETURN_TYPE = YES_ERROR;
				GCC_WARN_UNDECLARED_SELECTOR = YES;
				GCC_WARN_UNINITIALIZED_AUTOS = YES_AGGRESSIVE;
				GCC_WARN_UNUSED_FUNCTION = YES;
				GCC_WARN_UNUSED_VARIABLE = YES;
				IPHONEOS_DEPLOYMENT_TARGET = 17.2;
				LOCALIZATION_PREFERS_STRING_CATALOGS = YES;
				MTL_ENABLE_DEBUG_INFO = INCLUDE_SOURCE;
				MTL_FAST_MATH = YES;
				ONLY_ACTIVE_ARCH = YES;
				SDKROOT = iphoneos;
				SWIFT_ACTIVE_COMPILATION_CONDITIONS = "DEBUG $(inherited)";
				SWIFT_OPTIMIZATION_LEVEL = "-Onone";
			};
			name = Debug;
		};
		0215211F2C53852C00E06A8C /* Release */ = {
			isa = XCBuildConfiguration;
			buildSettings = {
				ALWAYS_SEARCH_USER_PATHS = NO;
				ASSETCATALOG_COMPILER_GENERATE_SWIFT_ASSET_SYMBOL_EXTENSIONS = YES;
				CLANG_ANALYZER_NONNULL = YES;
				CLANG_ANALYZER_NUMBER_OBJECT_CONVERSION = YES_AGGRESSIVE;
				CLANG_CXX_LANGUAGE_STANDARD = "gnu++20";
				CLANG_ENABLE_MODULES = YES;
				CLANG_ENABLE_OBJC_ARC = YES;
				CLANG_ENABLE_OBJC_WEAK = YES;
				CLANG_WARN_BLOCK_CAPTURE_AUTORELEASING = YES;
				CLANG_WARN_BOOL_CONVERSION = YES;
				CLANG_WARN_COMMA = YES;
				CLANG_WARN_CONSTANT_CONVERSION = YES;
				CLANG_WARN_DEPRECATED_OBJC_IMPLEMENTATIONS = YES;
				CLANG_WARN_DIRECT_OBJC_ISA_USAGE = YES_ERROR;
				CLANG_WARN_DOCUMENTATION_COMMENTS = YES;
				CLANG_WARN_EMPTY_BODY = YES;
				CLANG_WARN_ENUM_CONVERSION = YES;
				CLANG_WARN_INFINITE_RECURSION = YES;
				CLANG_WARN_INT_CONVERSION = YES;
				CLANG_WARN_NON_LITERAL_NULL_CONVERSION = YES;
				CLANG_WARN_OBJC_IMPLICIT_RETAIN_SELF = YES;
				CLANG_WARN_OBJC_LITERAL_CONVERSION = YES;
				CLANG_WARN_OBJC_ROOT_CLASS = YES_ERROR;
				CLANG_WARN_QUOTED_INCLUDE_IN_FRAMEWORK_HEADER = YES;
				CLANG_WARN_RANGE_LOOP_ANALYSIS = YES;
				CLANG_WARN_STRICT_PROTOTYPES = YES;
				CLANG_WARN_SUSPICIOUS_MOVE = YES;
				CLANG_WARN_UNGUARDED_AVAILABILITY = YES_AGGRESSIVE;
				CLANG_WARN_UNREACHABLE_CODE = YES;
				CLANG_WARN__DUPLICATE_METHOD_MATCH = YES;
				COPY_PHASE_STRIP = NO;
				DEBUG_INFORMATION_FORMAT = "dwarf-with-dsym";
				ENABLE_NS_ASSERTIONS = NO;
				ENABLE_STRICT_OBJC_MSGSEND = YES;
				ENABLE_USER_SCRIPT_SANDBOXING = YES;
				GCC_C_LANGUAGE_STANDARD = gnu17;
				GCC_NO_COMMON_BLOCKS = YES;
				GCC_WARN_64_TO_32_BIT_CONVERSION = YES;
				GCC_WARN_ABOUT_RETURN_TYPE = YES_ERROR;
				GCC_WARN_UNDECLARED_SELECTOR = YES;
				GCC_WARN_UNINITIALIZED_AUTOS = YES_AGGRESSIVE;
				GCC_WARN_UNUSED_FUNCTION = YES;
				GCC_WARN_UNUSED_VARIABLE = YES;
				IPHONEOS_DEPLOYMENT_TARGET = 17.2;
				LOCALIZATION_PREFERS_STRING_CATALOGS = YES;
				MTL_ENABLE_DEBUG_INFO = NO;
				MTL_FAST_MATH = YES;
				SDKROOT = iphoneos;
				SWIFT_COMPILATION_MODE = wholemodule;
				VALIDATE_PRODUCT = YES;
			};
			name = Release;
		};
		021521212C53852C00E06A8C /* Debug */ = {
			isa = XCBuildConfiguration;
			buildSettings = {
				ASSETCATALOG_COMPILER_APPICON_NAME = AppIcon;
				ASSETCATALOG_COMPILER_GLOBAL_ACCENT_COLOR_NAME = AccentColor;
				CODE_SIGN_STYLE = Automatic;
				CURRENT_PROJECT_VERSION = 1;
				DEVELOPMENT_ASSET_PATHS = "\"StreamShare/Preview Content\"";
				ENABLE_PREVIEWS = YES;
				GENERATE_INFOPLIST_FILE = YES;
				INFOPLIST_KEY_UIApplicationSceneManifest_Generation = YES;
				INFOPLIST_KEY_UIApplicationSupportsIndirectInputEvents = YES;
				INFOPLIST_KEY_UILaunchScreen_Generation = YES;
				INFOPLIST_KEY_UISupportedInterfaceOrientations_iPad = "UIInterfaceOrientationPortrait UIInterfaceOrientationPortraitUpsideDown UIInterfaceOrientationLandscapeLeft UIInterfaceOrientationLandscapeRight";
				INFOPLIST_KEY_UISupportedInterfaceOrientations_iPhone = "UIInterfaceOrientationPortrait UIInterfaceOrientationLandscapeLeft UIInterfaceOrientationLandscapeRight";
				LD_RUNPATH_SEARCH_PATHS = (
					"$(inherited)",
					"@executable_path/Frameworks",
				);
				MARKETING_VERSION = 1.0;
				PRODUCT_BUNDLE_IDENTIFIER = LoganWood.StreamShare;
				PRODUCT_NAME = "$(TARGET_NAME)";
				SWIFT_EMIT_LOC_STRINGS = YES;
				SWIFT_VERSION = 5.0;
				TARGETED_DEVICE_FAMILY = "1,2";
			};
			name = Debug;
		};
		021521222C53852C00E06A8C /* Release */ = {
			isa = XCBuildConfiguration;
			buildSettings = {
				ASSETCATALOG_COMPILER_APPICON_NAME = AppIcon;
				ASSETCATALOG_COMPILER_GLOBAL_ACCENT_COLOR_NAME = AccentColor;
				CODE_SIGN_STYLE = Automatic;
				CURRENT_PROJECT_VERSION = 1;
				DEVELOPMENT_ASSET_PATHS = "\"StreamShare/Preview Content\"";
				ENABLE_PREVIEWS = YES;
				GENERATE_INFOPLIST_FILE = YES;
				INFOPLIST_KEY_UIApplicationSceneManifest_Generation = YES;
				INFOPLIST_KEY_UIApplicationSupportsIndirectInputEvents = YES;
				INFOPLIST_KEY_UILaunchScreen_Generation = YES;
				INFOPLIST_KEY_UISupportedInterfaceOrientations_iPad = "UIInterfaceOrientationPortrait UIInterfaceOrientationPortraitUpsideDown UIInterfaceOrientationLandscapeLeft UIInterfaceOrientationLandscapeRight";
				INFOPLIST_KEY_UISupportedInterfaceOrientations_iPhone = "UIInterfaceOrientationPortrait UIInterfaceOrientationLandscapeLeft UIInterfaceOrientationLandscapeRight";
				LD_RUNPATH_SEARCH_PATHS = (
					"$(inherited)",
					"@executable_path/Frameworks",
				);
				MARKETING_VERSION = 1.0;
				PRODUCT_BUNDLE_IDENTIFIER = LoganWood.StreamShare;
				PRODUCT_NAME = "$(TARGET_NAME)";
				SWIFT_EMIT_LOC_STRINGS = YES;
				SWIFT_VERSION = 5.0;
				TARGETED_DEVICE_FAMILY = "1,2";
			};
			name = Release;
		};
		021521242C53852C00E06A8C /* Debug */ = {
			isa = XCBuildConfiguration;
			buildSettings = {
				ALWAYS_EMBED_SWIFT_STANDARD_LIBRARIES = YES;
				BUNDLE_LOADER = "$(TEST_HOST)";
				CODE_SIGN_STYLE = Automatic;
				CURRENT_PROJECT_VERSION = 1;
				GENERATE_INFOPLIST_FILE = YES;
				IPHONEOS_DEPLOYMENT_TARGET = 17.2;
				MARKETING_VERSION = 1.0;
				PRODUCT_BUNDLE_IDENTIFIER = LoganWood.StreamShareTests;
				PRODUCT_NAME = "$(TARGET_NAME)";
				SWIFT_EMIT_LOC_STRINGS = NO;
				SWIFT_VERSION = 5.0;
				TARGETED_DEVICE_FAMILY = "1,2";
				TEST_HOST = "$(BUILT_PRODUCTS_DIR)/StreamShare.app/$(BUNDLE_EXECUTABLE_FOLDER_PATH)/StreamShare";
			};
			name = Debug;
		};
		021521252C53852C00E06A8C /* Release */ = {
			isa = XCBuildConfiguration;
			buildSettings = {
				ALWAYS_EMBED_SWIFT_STANDARD_LIBRARIES = YES;
				BUNDLE_LOADER = "$(TEST_HOST)";
				CODE_SIGN_STYLE = Automatic;
				CURRENT_PROJECT_VERSION = 1;
				GENERATE_INFOPLIST_FILE = YES;
				IPHONEOS_DEPLOYMENT_TARGET = 17.2;
				MARKETING_VERSION = 1.0;
				PRODUCT_BUNDLE_IDENTIFIER = LoganWood.StreamShareTests;
				PRODUCT_NAME = "$(TARGET_NAME)";
				SWIFT_EMIT_LOC_STRINGS = NO;
				SWIFT_VERSION = 5.0;
				TARGETED_DEVICE_FAMILY = "1,2";
				TEST_HOST = "$(BUILT_PRODUCTS_DIR)/StreamShare.app/$(BUNDLE_EXECUTABLE_FOLDER_PATH)/StreamShare";
			};
			name = Release;
		};
		021521272C53852C00E06A8C /* Debug */ = {
			isa = XCBuildConfiguration;
			buildSettings = {
				ALWAYS_EMBED_SWIFT_STANDARD_LIBRARIES = YES;
				CODE_SIGN_STYLE = Automatic;
				CURRENT_PROJECT_VERSION = 1;
				GENERATE_INFOPLIST_FILE = YES;
				MARKETING_VERSION = 1.0;
				PRODUCT_BUNDLE_IDENTIFIER = LoganWood.StreamShareUITests;
				PRODUCT_NAME = "$(TARGET_NAME)";
				SWIFT_EMIT_LOC_STRINGS = NO;
				SWIFT_VERSION = 5.0;
				TARGETED_DEVICE_FAMILY = "1,2";
				TEST_TARGET_NAME = StreamShare;
			};
			name = Debug;
		};
		021521282C53852C00E06A8C /* Release */ = {
			isa = XCBuildConfiguration;
			buildSettings = {
				ALWAYS_EMBED_SWIFT_STANDARD_LIBRARIES = YES;
				CODE_SIGN_STYLE = Automatic;
				CURRENT_PROJECT_VERSION = 1;
				GENERATE_INFOPLIST_FILE = YES;
				MARKETING_VERSION = 1.0;
				PRODUCT_BUNDLE_IDENTIFIER = LoganWood.StreamShareUITests;
				PRODUCT_NAME = "$(TARGET_NAME)";
				SWIFT_EMIT_LOC_STRINGS = NO;
				SWIFT_VERSION = 5.0;
				TARGETED_DEVICE_FAMILY = "1,2";
				TEST_TARGET_NAME = StreamShare;
			};
			name = Release;
		};
/* End XCBuildConfiguration section */

/* Begin XCConfigurationList section */
		021520F72C53852A00E06A8C /* Build configuration list for PBXProject "StreamShare" */ = {
			isa = XCConfigurationList;
			buildConfigurations = (
				0215211E2C53852C00E06A8C /* Debug */,
				0215211F2C53852C00E06A8C /* Release */,
			);
			defaultConfigurationIsVisible = 0;
			defaultConfigurationName = Release;
		};
		021521202C53852C00E06A8C /* Build configuration list for PBXNativeTarget "StreamShare" */ = {
			isa = XCConfigurationList;
			buildConfigurations = (
				021521212C53852C00E06A8C /* Debug */,
				021521222C53852C00E06A8C /* Release */,
			);
			defaultConfigurationIsVisible = 0;
			defaultConfigurationName = Release;
		};
		021521232C53852C00E06A8C /* Build configuration list for PBXNativeTarget "StreamShareTests" */ = {
			isa = XCConfigurationList;
			buildConfigurations = (
				021521242C53852C00E06A8C /* Debug */,
				021521252C53852C00E06A8C /* Release */,
			);
			defaultConfigurationIsVisible = 0;
			defaultConfigurationName = Release;
		};
		021521262C53852C00E06A8C /* Build configuration list for PBXNativeTarget "StreamShareUITests" */ = {
			isa = XCConfigurationList;
			buildConfigurations = (
				021521272C53852C00E06A8C /* Debug */,
				021521282C53852C00E06A8C /* Release */,
			);
			defaultConfigurationIsVisible = 0;
			defaultConfigurationName = Release;
		};
/* End XCConfigurationList section */
	};
	rootObject = 021520F42C53852A00E06A8C /* Project object */;
}
